
Microsoft Visual Studio Solution File, Format Version 12.00
# Visual Studio Version 17
VisualStudioVersion = 17.11.35303.130
MinimumVisualStudioVersion = 10.0.40219.1
Project("{FAE04EC0-301F-11D3-BF4B-00C04F79EFBC}") = "loginForm", "loginForm\loginForm.csproj", "{40062ECA-C973-4C23-8760-584F3B29ECBD}"
EndProject
Global
	GlobalSection(SolutionConfigurationPlatforms) = preSolution
		Debug|Any CPU = Debug|Any CPU
		Release|Any CPU = Release|Any CPU
	EndGlobalSection
	GlobalSection(ProjectConfigurationPlatforms) = postSolution
		{40062ECA-C973-4C23-8760-584F3B29ECBD}.Debug|Any CPU.ActiveCfg = Debug|Any CPU
		{40062ECA-C973-4C23-8760-584F3B29ECBD}.Debug|Any CPU.Build.0 = Debug|Any CPU
		{40062ECA-C973-4C23-8760-584F3B29ECBD}.Release|Any CPU.ActiveCfg = Release|Any CPU
		{40062ECA-C973-4C23-8760-584F3B29ECBD}.Release|Any CPU.Build.0 = Release|Any CPU
	EndGlobalSection
	GlobalSection(SolutionProperties) = preSolution
		HideSolutionNode = FALSE
	EndGlobalSection
	GlobalSection(ExtensibilityGlobals) = postSolution
		SolutionGuid = {98D809F8-FF68-4616-A770-310F9DA728ED}
	EndGlobalSection
EndGlobal
