
Microsoft Visual Studio Solution File, Format Version 12.00
# Visual Studio Version 17
VisualStudioVersion = 17.11.35303.130
MinimumVisualStudioVersion = 10.0.40219.1
Project("{FAE04EC0-301F-11D3-BF4B-00C04F79EFBC}") = "ticTacToe", "ticTacToe\ticTacToe.csproj", "{8DB16DC6-9DFB-4650-93E1-D8F4B6967BBC}"
EndProject
Global
	GlobalSection(SolutionConfigurationPlatforms) = preSolution
		Debug|Any CPU = Debug|Any CPU
		Release|Any CPU = Release|Any CPU
	EndGlobalSection
	GlobalSection(ProjectConfigurationPlatforms) = postSolution
		{8DB16DC6-9DFB-4650-93E1-D8F4B6967BBC}.Debug|Any CPU.ActiveCfg = Debug|Any CPU
		{8DB16DC6-9DFB-4650-93E1-D8F4B6967BBC}.Debug|Any CPU.Build.0 = Debug|Any CPU
		{8DB16DC6-9DFB-4650-93E1-D8F4B6967BBC}.Release|Any CPU.ActiveCfg = Release|Any CPU
		{8DB16DC6-9DFB-4650-93E1-D8F4B6967BBC}.Release|Any CPU.Build.0 = Release|Any CPU
	EndGlobalSection
	GlobalSection(SolutionProperties) = preSolution
		HideSolutionNode = FALSE
	EndGlobalSection
	GlobalSection(ExtensibilityGlobals) = postSolution
		SolutionGuid = {5387C47C-B1F6-4F20-A833-7DB406DA5434}
	EndGlobalSection
EndGlobal
