
Microsoft Visual Studio Solution File, Format Version 12.00
# Visual Studio Version 17
VisualStudioVersion = 17.12.35527.113
MinimumVisualStudioVersion = 10.0.40219.1
Project("{FAE04EC0-301F-11D3-BF4B-00C04F79EFBC}") = "MultithreadingDemo.Console", "MultithreadingDemo.Console\MultithreadingDemo.Console.csproj", "{EBC642E7-7851-4783-A5CA-C0AAE327F0E1}"
EndProject
Project("{FAE04EC0-301F-11D3-BF4B-00C04F79EFBC}") = "MultithreadingDemo.Win", "MultithreadingDemo.Win\MultithreadingDemo.Win.csproj", "{20F78F7E-7B14-448F-A438-184BE2636E89}"
EndProject
Global
	GlobalSection(SolutionConfigurationPlatforms) = preSolution
		Debug|Any CPU = Debug|Any CPU
		Release|Any CPU = Release|Any CPU
	EndGlobalSection
	GlobalSection(ProjectConfigurationPlatforms) = postSolution
		{EBC642E7-7851-4783-A5CA-C0AAE327F0E1}.Debug|Any CPU.ActiveCfg = Debug|Any CPU
		{EBC642E7-7851-4783-A5CA-C0AAE327F0E1}.Debug|Any CPU.Build.0 = Debug|Any CPU
		{EBC642E7-7851-4783-A5CA-C0AAE327F0E1}.Release|Any CPU.ActiveCfg = Release|Any CPU
		{EBC642E7-7851-4783-A5CA-C0AAE327F0E1}.Release|Any CPU.Build.0 = Release|Any CPU
		{20F78F7E-7B14-448F-A438-184BE2636E89}.Debug|Any CPU.ActiveCfg = Debug|Any CPU
		{20F78F7E-7B14-448F-A438-184BE2636E89}.Debug|Any CPU.Build.0 = Debug|Any CPU
		{20F78F7E-7B14-448F-A438-184BE2636E89}.Release|Any CPU.ActiveCfg = Release|Any CPU
		{20F78F7E-7B14-448F-A438-184BE2636E89}.Release|Any CPU.Build.0 = Release|Any CPU
	EndGlobalSection
	GlobalSection(SolutionProperties) = preSolution
		HideSolutionNode = FALSE
	EndGlobalSection
EndGlobal
